
Microsoft Visual Studio Solution File, Format Version 12.00
# Visual Studio Version 16
VisualStudioVersion = 16.0.29001.49
MinimumVisualStudioVersion = 10.0.40219.1
Project("{FAE04EC0-301F-11D3-BF4B-00C04F79EFBC}") = "circuit", "circuit\circuit.csproj", "{6493240E-C319-48A9-92FB-C1C9198613FC}"
EndProject
Global
	GlobalSection(SolutionConfigurationPlatforms) = preSolution
		Debug|Any CPU = Debug|Any CPU
		Release|Any CPU = Release|Any CPU
	EndGlobalSection
	GlobalSection(ProjectConfigurationPlatforms) = postSolution
		{6493240E-C319-48A9-92FB-C1C9198613FC}.Debug|Any CPU.ActiveCfg = Debug|Any CPU
		{6493240E-C319-48A9-92FB-C1C9198613FC}.Debug|Any CPU.Build.0 = Debug|Any CPU
		{6493240E-C319-48A9-92FB-C1C9198613FC}.Release|Any CPU.ActiveCfg = Release|Any CPU
		{6493240E-C319-48A9-92FB-C1C9198613FC}.Release|Any CPU.Build.0 = Release|Any CPU
	EndGlobalSection
	GlobalSection(SolutionProperties) = preSolution
		HideSolutionNode = FALSE
	EndGlobalSection
	GlobalSection(ExtensibilityGlobals) = postSolution
		SolutionGuid = {1EEE5815-D756-48E7-BD49-6D08AD218301}
	EndGlobalSection
EndGlobal
